
Microsoft Visual Studio Solution File, Format Version 12.00
# Visual Studio Version 17
VisualStudioVersion = 17.2.32616.157
MinimumVisualStudioVersion = 10.0.40219.1
Project("{FAE04EC0-301F-11D3-BF4B-00C04F79EFBC}") = "CoronaDataDashboard.API", "CoronaDataDashboard.API\CoronaDataDashboard.API.csproj", "{D24F09CC-AAFE-4C40-9E6B-7AE07CBF1611}"
EndProject
Global
	GlobalSection(SolutionConfigurationPlatforms) = preSolution
		Debug|Any CPU = Debug|Any CPU
		Release|Any CPU = Release|Any CPU
	EndGlobalSection
	GlobalSection(ProjectConfigurationPlatforms) = postSolution
		{D24F09CC-AAFE-4C40-9E6B-7AE07CBF1611}.Debug|Any CPU.ActiveCfg = Debug|Any CPU
		{D24F09CC-AAFE-4C40-9E6B-7AE07CBF1611}.Debug|Any CPU.Build.0 = Debug|Any CPU
		{D24F09CC-AAFE-4C40-9E6B-7AE07CBF1611}.Release|Any CPU.ActiveCfg = Release|Any CPU
		{D24F09CC-AAFE-4C40-9E6B-7AE07CBF1611}.Release|Any CPU.Build.0 = Release|Any CPU
	EndGlobalSection
	GlobalSection(SolutionProperties) = preSolution
		HideSolutionNode = FALSE
	EndGlobalSection
	GlobalSection(ExtensibilityGlobals) = postSolution
		SolutionGuid = {F0F02286-7D61-4032-B3DC-C985EE8E36F9}
	EndGlobalSection
EndGlobal
